{
  "name": "backend",
  "version": "1.0.0",
  "lockfileVersion": 1,
  "requires": true,
  "dependencies": {
    "@types/boom": {
      "version": "7.1.1",
      "resolved": "https://registry.npmjs.org/@types/boom/-/boom-7.1.1.tgz",
      "integrity": "sha512-8NhXTqohfwesB/tSqTzRBqFyYMlIfi7hcLQlFPIDaKGeMR9sVCa/DZtUcafwErUGXAGbjwMryfC2z/fnFEWm1g=="
    },
    "@types/bson": {
      "version": "1.0.6",
      "resolved": "https://registry.npmjs.org/@types/bson/-/bson-1.0.6.tgz",
      "integrity": "sha512-v7N8qcTGiYhLRyi+Y69R3tPC4GLqByCg3NC2EO6PciC166O9dNhjFPoXeMePtZ+0f+/O2xLDWXs5BLnRfcBaBA==",
      "requires": {
        "@types/node": "9.4.6"
      }
    },
    "@types/catbox": {
      "version": "10.0.0",
      "resolved": "https://registry.npmjs.org/@types/catbox/-/catbox-10.0.0.tgz",
      "integrity": "sha512-FVnKcN80WTKLTaCfUqd+L4h8j/SQdA66MMe1mOrWqOpEMnM0aHbBw1qNbRO1Bfhc4i4YXkFv27QAsP5L4VAgXg=="
    },
    "@types/events": {
      "version": "1.2.0",
      "resolved": "https://registry.npmjs.org/@types/events/-/events-1.2.0.tgz",
      "integrity": "sha512-KEIlhXnIutzKwRbQkGWb/I4HFqBuUykAdHgDED6xqwXJfONCjF5VoE0cXEiurh3XauygxzeDzgtXUqvLkxFzzA=="
    },
    "@types/hapi": {
      "version": "17.0.3",
      "resolved": "https://registry.npmjs.org/@types/hapi/-/hapi-17.0.3.tgz",
      "integrity": "sha512-GMxJ2ACTV5FAFrBh6JgTvazhUiMrTA9ExO0+e8K3LUZ+foh1aVvUzNBSwFJaW7oZTnthAYDKaY3dfMBIjSjfkA==",
      "requires": {
        "@types/boom": "7.1.1",
        "@types/catbox": "10.0.0",
        "@types/iron": "5.0.1",
        "@types/joi": "13.0.5",
        "@types/mimos": "3.0.1",
        "@types/node": "9.4.6",
        "@types/podium": "1.0.0",
        "@types/shot": "3.4.0"
      }
    },
    "@types/iron": {
      "version": "5.0.1",
      "resolved": "https://registry.npmjs.org/@types/iron/-/iron-5.0.1.tgz",
      "integrity": "sha512-Ng5BkVGPt7Tw9k1OJ6qYwuD9+dmnWgActmsnnrdvs4075N8V2go1f6Pz8omG3q5rbHjXN6yzzZDYo3JOgAE/Ug==",
      "requires": {
        "@types/node": "9.4.6"
      }
    },
    "@types/joi": {
      "version": "13.0.5",
      "resolved": "https://registry.npmjs.org/@types/joi/-/joi-13.0.5.tgz",
      "integrity": "sha512-xhGKDKk8qEK35GFYIkpQXdS03PnL+1eXt8VOHnuvuMOjNCztmTpqiDk2vlDy3GbSctSTBJCkY0PXkaRVJpl2xA=="
    },
    "@types/mime-db": {
      "version": "1.27.0",
      "resolved": "https://registry.npmjs.org/@types/mime-db/-/mime-db-1.27.0.tgz",
      "integrity": "sha1-m8AUof0f30dknBpUxt15ZrgoR5I="
    },
    "@types/mimos": {
      "version": "3.0.1",
      "resolved": "https://registry.npmjs.org/@types/mimos/-/mimos-3.0.1.tgz",
      "integrity": "sha512-MATIRH4VMIJki8lcYUZdNQEHuAG7iQ1FWwoLgxV+4fUOly2xZYdhHtGgvQyWiTeJqq2tZbE0nOOgZD6pR0FpNQ==",
      "requires": {
        "@types/mime-db": "1.27.0"
      }
    },
    "@types/mongodb": {
      "version": "3.0.5",
      "resolved": "https://registry.npmjs.org/@types/mongodb/-/mongodb-3.0.5.tgz",
      "integrity": "sha512-tjWtVn9b8l9MXbhps7Jte1BpC3AmiTW2WXIQfO3SvCiZnisOOVck3fen/r4XnXRTw4JRen/hQmHokG0v58tiJg==",
      "requires": {
        "@types/bson": "1.0.6",
        "@types/events": "1.2.0",
        "@types/node": "9.4.6"
      }
    },
    "@types/node": {
      "version": "9.4.6",
      "resolved": "https://registry.npmjs.org/@types/node/-/node-9.4.6.tgz",
      "integrity": "sha512-CTUtLb6WqCCgp6P59QintjHWqzf4VL1uPA27bipLAPxFqrtK1gEYllePzTICGqQ8rYsCbpnsNypXjjDzGAAjEQ=="
    },
    "@types/podium": {
      "version": "1.0.0",
      "resolved": "https://registry.npmjs.org/@types/podium/-/podium-1.0.0.tgz",
      "integrity": "sha1-v6ohUb4rHWEJzGn3+qnawsujuyA="
    },
    "@types/shot": {
      "version": "3.4.0",
      "resolved": "https://registry.npmjs.org/@types/shot/-/shot-3.4.0.tgz",
      "integrity": "sha1-RZR3xRh9Pr0wNmCrCZ5+ng87ZW8=",
      "requires": {
        "@types/node": "9.4.6"
      }
    },
    "@types/socket.io": {
      "version": "1.4.31",
      "resolved": "https://registry.npmjs.org/@types/socket.io/-/socket.io-1.4.31.tgz",
      "integrity": "sha512-HnO78rKiAx+tCEKYFurJvKLNAluN9B0V+yLnkJEY9BVwmCXHA7oKeLCymqP/uAgx0t+un/JM+GJOTwNQJ+ODvQ==",
      "requires": {
        "@types/node": "9.4.6"
      }
    },
    "typescript": {
      "version": "2.7.2",
      "resolved": "https://registry.npmjs.org/typescript/-/typescript-2.7.2.tgz",
      "integrity": "sha512-p5TCYZDAO0m4G344hD+wx/LATebLWZNkkh2asWUFqSsD2OrDNhbAHuSjobrmsUmdzjJjEeZVU9g1h3O6vpstnw==",
      "dev": true
    }
  }
}
